
Microsoft Visual Studio Solution File, Format Version 12.00
# Visual Studio Version 16
VisualStudioVersion = 16.0.31112.23
MinimumVisualStudioVersion = 10.0.40219.1
Project("{FAE04EC0-301F-11D3-BF4B-00C04F79EFBC}") = "DataStructures", "DataStructures\DataStructures.csproj", "{8BF0CAF7-1005-4C93-95D1-FF1E7DBB538F}"
EndProject
Project("{2150E333-8FDC-42A3-9474-1A3956D46DE8}") = "001_Array", "001_Array", "{6D2AF06F-EF6C-43AE-BE47-B19F615DEF7B}"
EndProject
Project("{2150E333-8FDC-42A3-9474-1A3956D46DE8}") = "002_LinkedList", "002_LinkedList", "{133896C5-B4E9-4436-A35C-DD22840D01CE}"
EndProject
Project("{2150E333-8FDC-42A3-9474-1A3956D46DE8}") = "003_DoubleLinkedList", "003_DoubleLinkedList", "{4BE3A213-3189-408B-9129-4243B5B88797}"
EndProject
Project("{2150E333-8FDC-42A3-9474-1A3956D46DE8}") = "004_Stack", "004_Stack", "{A99AE832-70AE-4B1A-B1AC-CE3D524C167C}"
EndProject
Project("{2150E333-8FDC-42A3-9474-1A3956D46DE8}") = "005_Queue", "005_Queue", "{AD1021CC-849C-449B-B2A5-E1DA45F903A3}"
EndProject
Project("{2150E333-8FDC-42A3-9474-1A3956D46DE8}") = "006_PriorityQueue", "006_PriorityQueue", "{91B7C62E-E6F9-45E6-A398-4E637F2C104D}"
EndProject
Project("{2150E333-8FDC-42A3-9474-1A3956D46DE8}") = "007_Tree", "007_Tree", "{6868BCEA-C1E6-490B-8BCA-E150FB39F302}"
EndProject
Project("{2150E333-8FDC-42A3-9474-1A3956D46DE8}") = "008_Trie", "008_Trie", "{2C651323-A65A-4A76-89CE-8316A009494A}"
EndProject
Project("{FAE04EC0-301F-11D3-BF4B-00C04F79EFBC}") = "001_PriorityQueue", "001_PriorityQueue\001_PriorityQueue.csproj", "{D6D189DF-E54A-48D2-A77D-49B76DE6509C}"
EndProject
Project("{FAE04EC0-301F-11D3-BF4B-00C04F79EFBC}") = "002_PriorityQueue", "002_PriorityQueue\002_PriorityQueue.csproj", "{CEB513C0-DFFE-4B38-AB0E-84D9F154274C}"
EndProject
Project("{FAE04EC0-301F-11D3-BF4B-00C04F79EFBC}") = "003_PriorityQueue_Dotnet", "003_PriorityQueue_Dotnet\003_PriorityQueue_Dotnet.csproj", "{7FD50258-B4CB-40CB-BC0D-003FE44F60CA}"
EndProject
Project("{FAE04EC0-301F-11D3-BF4B-00C04F79EFBC}") = "001_ConcatenatedWords", "001_ConcatenatedWords\001_ConcatenatedWords.csproj", "{43A5745C-188C-4791-91BE-786C069F8A79}"
EndProject
Project("{FAE04EC0-301F-11D3-BF4B-00C04F79EFBC}") = "002_ConcatenatedWords_DP", "002_ConcatenatedWords_DP\002_ConcatenatedWords_DP.csproj", "{B170BDA6-E992-4ECE-9D8A-9004DC443BC7}"
EndProject
Project("{2150E333-8FDC-42A3-9474-1A3956D46DE8}") = "009_Graph", "009_Graph", "{6F3E51D3-36B5-4211-B817-74C6A883B0C5}"
EndProject
Project("{2150E333-8FDC-42A3-9474-1A3956D46DE8}") = "001_Basics", "001_Basics", "{47A2287F-2616-4953-B5FC-C6A7B2149707}"
EndProject
Project("{FAE04EC0-301F-11D3-BF4B-00C04F79EFBC}") = "001_Graph", "001_Graph\001_Graph.csproj", "{010A04DD-3601-4911-85C3-1F73FB15CDFD}"
EndProject
Project("{FAE04EC0-301F-11D3-BF4B-00C04F79EFBC}") = "002_AdjacencyMatrix_Graph", "002_AdjacencyMatrix_Graph\002_AdjacencyMatrix_Graph.csproj", "{AE71C567-DABF-4B02-8F8E-BEF156EEA10E}"
EndProject
Project("{FAE04EC0-301F-11D3-BF4B-00C04F79EFBC}") = "003_AdjacencyList_Graph", "003_AdjacencyList_Graph\003_AdjacencyList_Graph.csproj", "{E2C4ACB4-45B9-4907-8CAE-DCB2C2B82BA6}"
EndProject
Global
	GlobalSection(SolutionConfigurationPlatforms) = preSolution
		Debug|Any CPU = Debug|Any CPU
		Release|Any CPU = Release|Any CPU
	EndGlobalSection
	GlobalSection(ProjectConfigurationPlatforms) = postSolution
		{8BF0CAF7-1005-4C93-95D1-FF1E7DBB538F}.Debug|Any CPU.ActiveCfg = Debug|Any CPU
		{8BF0CAF7-1005-4C93-95D1-FF1E7DBB538F}.Debug|Any CPU.Build.0 = Debug|Any CPU
		{8BF0CAF7-1005-4C93-95D1-FF1E7DBB538F}.Release|Any CPU.ActiveCfg = Release|Any CPU
		{8BF0CAF7-1005-4C93-95D1-FF1E7DBB538F}.Release|Any CPU.Build.0 = Release|Any CPU
		{D6D189DF-E54A-48D2-A77D-49B76DE6509C}.Debug|Any CPU.ActiveCfg = Debug|Any CPU
		{D6D189DF-E54A-48D2-A77D-49B76DE6509C}.Debug|Any CPU.Build.0 = Debug|Any CPU
		{D6D189DF-E54A-48D2-A77D-49B76DE6509C}.Release|Any CPU.ActiveCfg = Release|Any CPU
		{D6D189DF-E54A-48D2-A77D-49B76DE6509C}.Release|Any CPU.Build.0 = Release|Any CPU
		{CEB513C0-DFFE-4B38-AB0E-84D9F154274C}.Debug|Any CPU.ActiveCfg = Debug|Any CPU
		{CEB513C0-DFFE-4B38-AB0E-84D9F154274C}.Debug|Any CPU.Build.0 = Debug|Any CPU
		{CEB513C0-DFFE-4B38-AB0E-84D9F154274C}.Release|Any CPU.ActiveCfg = Release|Any CPU
		{CEB513C0-DFFE-4B38-AB0E-84D9F154274C}.Release|Any CPU.Build.0 = Release|Any CPU
		{7FD50258-B4CB-40CB-BC0D-003FE44F60CA}.Debug|Any CPU.ActiveCfg = Debug|Any CPU
		{7FD50258-B4CB-40CB-BC0D-003FE44F60CA}.Debug|Any CPU.Build.0 = Debug|Any CPU
		{7FD50258-B4CB-40CB-BC0D-003FE44F60CA}.Release|Any CPU.ActiveCfg = Release|Any CPU
		{7FD50258-B4CB-40CB-BC0D-003FE44F60CA}.Release|Any CPU.Build.0 = Release|Any CPU
		{43A5745C-188C-4791-91BE-786C069F8A79}.Debug|Any CPU.ActiveCfg = Debug|Any CPU
		{43A5745C-188C-4791-91BE-786C069F8A79}.Debug|Any CPU.Build.0 = Debug|Any CPU
		{43A5745C-188C-4791-91BE-786C069F8A79}.Release|Any CPU.ActiveCfg = Release|Any CPU
		{43A5745C-188C-4791-91BE-786C069F8A79}.Release|Any CPU.Build.0 = Release|Any CPU
		{B170BDA6-E992-4ECE-9D8A-9004DC443BC7}.Debug|Any CPU.ActiveCfg = Debug|Any CPU
		{B170BDA6-E992-4ECE-9D8A-9004DC443BC7}.Debug|Any CPU.Build.0 = Debug|Any CPU
		{B170BDA6-E992-4ECE-9D8A-9004DC443BC7}.Release|Any CPU.ActiveCfg = Release|Any CPU
		{B170BDA6-E992-4ECE-9D8A-9004DC443BC7}.Release|Any CPU.Build.0 = Release|Any CPU
		{010A04DD-3601-4911-85C3-1F73FB15CDFD}.Debug|Any CPU.ActiveCfg = Debug|Any CPU
		{010A04DD-3601-4911-85C3-1F73FB15CDFD}.Debug|Any CPU.Build.0 = Debug|Any CPU
		{010A04DD-3601-4911-85C3-1F73FB15CDFD}.Release|Any CPU.ActiveCfg = Release|Any CPU
		{010A04DD-3601-4911-85C3-1F73FB15CDFD}.Release|Any CPU.Build.0 = Release|Any CPU
		{AE71C567-DABF-4B02-8F8E-BEF156EEA10E}.Debug|Any CPU.ActiveCfg = Debug|Any CPU
		{AE71C567-DABF-4B02-8F8E-BEF156EEA10E}.Debug|Any CPU.Build.0 = Debug|Any CPU
		{AE71C567-DABF-4B02-8F8E-BEF156EEA10E}.Release|Any CPU.ActiveCfg = Release|Any CPU
		{AE71C567-DABF-4B02-8F8E-BEF156EEA10E}.Release|Any CPU.Build.0 = Release|Any CPU
		{E2C4ACB4-45B9-4907-8CAE-DCB2C2B82BA6}.Debug|Any CPU.ActiveCfg = Debug|Any CPU
		{E2C4ACB4-45B9-4907-8CAE-DCB2C2B82BA6}.Debug|Any CPU.Build.0 = Debug|Any CPU
		{E2C4ACB4-45B9-4907-8CAE-DCB2C2B82BA6}.Release|Any CPU.ActiveCfg = Release|Any CPU
		{E2C4ACB4-45B9-4907-8CAE-DCB2C2B82BA6}.Release|Any CPU.Build.0 = Release|Any CPU
	EndGlobalSection
	GlobalSection(SolutionProperties) = preSolution
		HideSolutionNode = FALSE
	EndGlobalSection
	GlobalSection(NestedProjects) = preSolution
		{D6D189DF-E54A-48D2-A77D-49B76DE6509C} = {91B7C62E-E6F9-45E6-A398-4E637F2C104D}
		{CEB513C0-DFFE-4B38-AB0E-84D9F154274C} = {91B7C62E-E6F9-45E6-A398-4E637F2C104D}
		{7FD50258-B4CB-40CB-BC0D-003FE44F60CA} = {91B7C62E-E6F9-45E6-A398-4E637F2C104D}
		{43A5745C-188C-4791-91BE-786C069F8A79} = {2C651323-A65A-4A76-89CE-8316A009494A}
		{B170BDA6-E992-4ECE-9D8A-9004DC443BC7} = {2C651323-A65A-4A76-89CE-8316A009494A}
		{47A2287F-2616-4953-B5FC-C6A7B2149707} = {6F3E51D3-36B5-4211-B817-74C6A883B0C5}
		{010A04DD-3601-4911-85C3-1F73FB15CDFD} = {47A2287F-2616-4953-B5FC-C6A7B2149707}
		{AE71C567-DABF-4B02-8F8E-BEF156EEA10E} = {47A2287F-2616-4953-B5FC-C6A7B2149707}
		{E2C4ACB4-45B9-4907-8CAE-DCB2C2B82BA6} = {47A2287F-2616-4953-B5FC-C6A7B2149707}
	EndGlobalSection
	GlobalSection(ExtensibilityGlobals) = postSolution
		SolutionGuid = {3ED057B1-820A-48CA-A31F-4BE40FA16A64}
	EndGlobalSection
EndGlobal
