
Microsoft Visual Studio Solution File, Format Version 12.00
Project("{FAE04EC0-301F-11D3-BF4B-00C04F79EFBC}") = "DataStructures", "DataStructures\DataStructures.csproj", "{5F1DCDAA-921D-42A8-88AC-4AC4802B45D0}"
EndProject
Project("{2150E333-8FDC-42A3-9474-1A3956D46DE8}") = "LinearDataStructures", "LinearDataStructures", "{7BF63DBC-D2DA-49BF-9050-EDF37D895576}"
EndProject
Project("{2150E333-8FDC-42A3-9474-1A3956D46DE8}") = "NonLinearDataStructures", "NonLinearDataStructures", "{36EEA7E8-546B-4DD2-9FF9-BB15E6F29BC3}"
EndProject
Project("{2150E333-8FDC-42A3-9474-1A3956D46DE8}") = "AdvancedDataStructures", "AdvancedDataStructures", "{C8E64080-7108-4FE4-AB78-61D6DC3B20D0}"
EndProject
Project("{2150E333-8FDC-42A3-9474-1A3956D46DE8}") = "001_Arrays", "001_Arrays", "{96B630DD-B10A-48FE-ABF8-6BA07821FEA7}"
EndProject
Project("{FAE04EC0-301F-11D3-BF4B-00C04F79EFBC}") = "001_Arrays", "001_Arrays\001_Arrays.csproj", "{944B32B3-FAB7-47CF-A20A-D5C499CB16C0}"
EndProject
Project("{2150E333-8FDC-42A3-9474-1A3956D46DE8}") = "001_BinaryTree", "001_BinaryTree", "{CEFB73FE-D750-4D51-9C17-39102AA1E774}"
EndProject
Project("{FAE04EC0-301F-11D3-BF4B-00C04F79EFBC}") = "001_BinaryTree", "001_BinaryTree\001_BinaryTree.csproj", "{8104DFA9-9F8B-4027-8B96-AC357D3F4EAE}"
EndProject
Project("{2150E333-8FDC-42A3-9474-1A3956D46DE8}") = "001_Graphs", "001_Graphs", "{1C1CFBCC-D5E9-4FC2-8002-16B34311F709}"
EndProject
Project("{FAE04EC0-301F-11D3-BF4B-00C04F79EFBC}") = "001_Graphs", "001_Graphs\001_Graphs.csproj", "{CB20858B-3E27-4052-BBEB-C141E79EACE1}"
EndProject
Project("{2150E333-8FDC-42A3-9474-1A3956D46DE8}") = "002_BinarySearchTree", "002_BinarySearchTree", "{EBC1D54F-2362-4C53-AE87-F6D638918877}"
EndProject
Project("{FAE04EC0-301F-11D3-BF4B-00C04F79EFBC}") = "001_BinarySearchTree", "001_BinarySearchTree\001_BinarySearchTree.csproj", "{99D5118D-989B-4B7E-8F2E-BEE8B64DA50D}"
EndProject
Project("{2150E333-8FDC-42A3-9474-1A3956D46DE8}") = "003_PriorityQueue", "003_PriorityQueue", "{3D57D0A1-A260-422E-B8C6-22E077DA3464}"
EndProject
Project("{FAE04EC0-301F-11D3-BF4B-00C04F79EFBC}") = "001_PriorityQueue", "001_PriorityQueue\001_PriorityQueue.csproj", "{673EA8A6-3548-4F30-876A-511A43EC4926}"
EndProject
Project("{FAE04EC0-301F-11D3-BF4B-00C04F79EFBC}") = "002_PriorityQueue", "002_PriorityQueue\002_PriorityQueue.csproj", "{CB7D3228-9C2C-490B-913E-E3AA0EFA7973}"
EndProject
Project("{FAE04EC0-301F-11D3-BF4B-00C04F79EFBC}") = "003_PriorityQueue_Problem1", "003_PriorityQueue_Problem1\003_PriorityQueue_Problem1.csproj", "{C8927279-877F-4B29-9959-7E5BCD9E3B31}"
EndProject
Project("{2150E333-8FDC-42A3-9474-1A3956D46DE8}") = "001_Basics", "001_Basics", "{8F397C7C-3DD0-4DE2-A309-E15462FAD63F}"
EndProject
Project("{FAE04EC0-301F-11D3-BF4B-00C04F79EFBC}") = "002_AdjacencyMatrix_Graph", "002_AdjacencyMatrix_Graph\002_AdjacencyMatrix_Graph.csproj", "{6C34BE3C-32F5-4D06-A71C-33B26A4BACD3}"
EndProject
Project("{FAE04EC0-301F-11D3-BF4B-00C04F79EFBC}") = "003_AdjacencyList_Graph", "003_AdjacencyList_Graph\003_AdjacencyList_Graph.csproj", "{22BBF4ED-AA53-4AA0-BD00-3826DCD2BA06}"
EndProject
Project("{2150E333-8FDC-42A3-9474-1A3956D46DE8}") = "002_Traversal", "002_Traversal", "{5920B8CB-3396-46C5-BC58-60797943E284}"
EndProject
Project("{FAE04EC0-301F-11D3-BF4B-00C04F79EFBC}") = "001_BreathFirstSearch", "001_BreathFirstSearch\001_BreathFirstSearch.csproj", "{161A1C66-D136-4C56-B565-04F3E6A05D21}"
EndProject
Project("{FAE04EC0-301F-11D3-BF4B-00C04F79EFBC}") = "002_BreathFirstSearch_WithAdjacencyList", "002_BreathFirstSearch_WithAdjacencyList\002_BreathFirstSearch_WithAdjacencyList.csproj", "{1DED49C9-DF49-4F4A-AF7D-2AE461420571}"
EndProject
Project("{FAE04EC0-301F-11D3-BF4B-00C04F79EFBC}") = "003_DepthFirstSearch", "003_DepthFirstSearch\003_DepthFirstSearch.csproj", "{CABAF47B-DACD-438F-8BAC-0757D33E927E}"
EndProject
Project("{FAE04EC0-301F-11D3-BF4B-00C04F79EFBC}") = "004_DepthFirstSearch_AdjacencyList", "004_DepthFirstSearch_AdjacencyList\004_DepthFirstSearch_AdjacencyList.csproj", "{60836A5D-759F-409D-A1F7-E2244718786B}"
EndProject
Project("{2150E333-8FDC-42A3-9474-1A3956D46DE8}") = "003_GraphTraversalWithMinCost", "003_GraphTraversalWithMinCost", "{06229C55-40BA-469F-ABDE-429152DE3B67}"
EndProject
Project("{FAE04EC0-301F-11D3-BF4B-00C04F79EFBC}") = "001_ProblemStatement", "001_ProblemStatement\001_ProblemStatement.csproj", "{13500C39-021B-4079-842A-D595AE9065EC}"
EndProject
Project("{FAE04EC0-301F-11D3-BF4B-00C04F79EFBC}") = "001_TestCases", "001_TestCases\001_TestCases.csproj", "{9379A2E0-E96E-45C2-85BE-C81BDC6D19B7}"
EndProject
Project("{FAE04EC0-301F-11D3-BF4B-00C04F79EFBC}") = "002_Graph_DFS_With_DP", "002_Graph_DFS_With_DP\002_Graph_DFS_With_DP.csproj", "{18BE9BD8-6BEF-4712-988E-39A41D56EE45}"
EndProject
Project("{FAE04EC0-301F-11D3-BF4B-00C04F79EFBC}") = "003_Graph_BFS", "003_Graph_BFS\003_Graph_BFS.csproj", "{5123C87A-835E-4528-BA66-CF6F556010F0}"
EndProject
Project("{FAE04EC0-301F-11D3-BF4B-00C04F79EFBC}") = "004_DijkstraAlgo", "004_DijkstraAlgo\004_DijkstraAlgo.csproj", "{41A9EC9E-9FC5-4065-B285-27BD6EE658E5}"
EndProject
Project("{2150E333-8FDC-42A3-9474-1A3956D46DE8}") = "004_Bipartite", "004_Bipartite", "{FF9511CB-598A-445D-8A8D-2522D7B7F054}"
EndProject
Project("{FAE04EC0-301F-11D3-BF4B-00C04F79EFBC}") = "001_Bipartite", "001_Bipartite\001_Bipartite.csproj", "{5AE39533-33EA-4015-BBFA-674F1296917B}"
EndProject
Global
	GlobalSection(SolutionConfigurationPlatforms) = preSolution
		Debug|Any CPU = Debug|Any CPU
		Release|Any CPU = Release|Any CPU
	EndGlobalSection
	GlobalSection(ProjectConfigurationPlatforms) = postSolution
		{5F1DCDAA-921D-42A8-88AC-4AC4802B45D0}.Debug|Any CPU.ActiveCfg = Debug|Any CPU
		{5F1DCDAA-921D-42A8-88AC-4AC4802B45D0}.Debug|Any CPU.Build.0 = Debug|Any CPU
		{5F1DCDAA-921D-42A8-88AC-4AC4802B45D0}.Release|Any CPU.ActiveCfg = Release|Any CPU
		{5F1DCDAA-921D-42A8-88AC-4AC4802B45D0}.Release|Any CPU.Build.0 = Release|Any CPU
		{944B32B3-FAB7-47CF-A20A-D5C499CB16C0}.Debug|Any CPU.ActiveCfg = Debug|Any CPU
		{944B32B3-FAB7-47CF-A20A-D5C499CB16C0}.Debug|Any CPU.Build.0 = Debug|Any CPU
		{944B32B3-FAB7-47CF-A20A-D5C499CB16C0}.Release|Any CPU.ActiveCfg = Release|Any CPU
		{944B32B3-FAB7-47CF-A20A-D5C499CB16C0}.Release|Any CPU.Build.0 = Release|Any CPU
		{8104DFA9-9F8B-4027-8B96-AC357D3F4EAE}.Debug|Any CPU.ActiveCfg = Debug|Any CPU
		{8104DFA9-9F8B-4027-8B96-AC357D3F4EAE}.Debug|Any CPU.Build.0 = Debug|Any CPU
		{8104DFA9-9F8B-4027-8B96-AC357D3F4EAE}.Release|Any CPU.ActiveCfg = Release|Any CPU
		{8104DFA9-9F8B-4027-8B96-AC357D3F4EAE}.Release|Any CPU.Build.0 = Release|Any CPU
		{CB20858B-3E27-4052-BBEB-C141E79EACE1}.Debug|Any CPU.ActiveCfg = Debug|Any CPU
		{CB20858B-3E27-4052-BBEB-C141E79EACE1}.Debug|Any CPU.Build.0 = Debug|Any CPU
		{CB20858B-3E27-4052-BBEB-C141E79EACE1}.Release|Any CPU.ActiveCfg = Release|Any CPU
		{CB20858B-3E27-4052-BBEB-C141E79EACE1}.Release|Any CPU.Build.0 = Release|Any CPU
		{99D5118D-989B-4B7E-8F2E-BEE8B64DA50D}.Debug|Any CPU.ActiveCfg = Debug|Any CPU
		{99D5118D-989B-4B7E-8F2E-BEE8B64DA50D}.Debug|Any CPU.Build.0 = Debug|Any CPU
		{99D5118D-989B-4B7E-8F2E-BEE8B64DA50D}.Release|Any CPU.ActiveCfg = Release|Any CPU
		{99D5118D-989B-4B7E-8F2E-BEE8B64DA50D}.Release|Any CPU.Build.0 = Release|Any CPU
		{673EA8A6-3548-4F30-876A-511A43EC4926}.Debug|Any CPU.ActiveCfg = Debug|Any CPU
		{673EA8A6-3548-4F30-876A-511A43EC4926}.Debug|Any CPU.Build.0 = Debug|Any CPU
		{673EA8A6-3548-4F30-876A-511A43EC4926}.Release|Any CPU.ActiveCfg = Release|Any CPU
		{673EA8A6-3548-4F30-876A-511A43EC4926}.Release|Any CPU.Build.0 = Release|Any CPU
		{CB7D3228-9C2C-490B-913E-E3AA0EFA7973}.Debug|Any CPU.ActiveCfg = Debug|Any CPU
		{CB7D3228-9C2C-490B-913E-E3AA0EFA7973}.Debug|Any CPU.Build.0 = Debug|Any CPU
		{CB7D3228-9C2C-490B-913E-E3AA0EFA7973}.Release|Any CPU.ActiveCfg = Release|Any CPU
		{CB7D3228-9C2C-490B-913E-E3AA0EFA7973}.Release|Any CPU.Build.0 = Release|Any CPU
		{C8927279-877F-4B29-9959-7E5BCD9E3B31}.Debug|Any CPU.ActiveCfg = Debug|Any CPU
		{C8927279-877F-4B29-9959-7E5BCD9E3B31}.Debug|Any CPU.Build.0 = Debug|Any CPU
		{C8927279-877F-4B29-9959-7E5BCD9E3B31}.Release|Any CPU.ActiveCfg = Release|Any CPU
		{C8927279-877F-4B29-9959-7E5BCD9E3B31}.Release|Any CPU.Build.0 = Release|Any CPU
		{6C34BE3C-32F5-4D06-A71C-33B26A4BACD3}.Debug|Any CPU.ActiveCfg = Debug|Any CPU
		{6C34BE3C-32F5-4D06-A71C-33B26A4BACD3}.Debug|Any CPU.Build.0 = Debug|Any CPU
		{6C34BE3C-32F5-4D06-A71C-33B26A4BACD3}.Release|Any CPU.ActiveCfg = Release|Any CPU
		{6C34BE3C-32F5-4D06-A71C-33B26A4BACD3}.Release|Any CPU.Build.0 = Release|Any CPU
		{22BBF4ED-AA53-4AA0-BD00-3826DCD2BA06}.Debug|Any CPU.ActiveCfg = Debug|Any CPU
		{22BBF4ED-AA53-4AA0-BD00-3826DCD2BA06}.Debug|Any CPU.Build.0 = Debug|Any CPU
		{22BBF4ED-AA53-4AA0-BD00-3826DCD2BA06}.Release|Any CPU.ActiveCfg = Release|Any CPU
		{22BBF4ED-AA53-4AA0-BD00-3826DCD2BA06}.Release|Any CPU.Build.0 = Release|Any CPU
		{161A1C66-D136-4C56-B565-04F3E6A05D21}.Debug|Any CPU.ActiveCfg = Debug|Any CPU
		{161A1C66-D136-4C56-B565-04F3E6A05D21}.Debug|Any CPU.Build.0 = Debug|Any CPU
		{161A1C66-D136-4C56-B565-04F3E6A05D21}.Release|Any CPU.ActiveCfg = Release|Any CPU
		{161A1C66-D136-4C56-B565-04F3E6A05D21}.Release|Any CPU.Build.0 = Release|Any CPU
		{1DED49C9-DF49-4F4A-AF7D-2AE461420571}.Debug|Any CPU.ActiveCfg = Debug|Any CPU
		{1DED49C9-DF49-4F4A-AF7D-2AE461420571}.Debug|Any CPU.Build.0 = Debug|Any CPU
		{1DED49C9-DF49-4F4A-AF7D-2AE461420571}.Release|Any CPU.ActiveCfg = Release|Any CPU
		{1DED49C9-DF49-4F4A-AF7D-2AE461420571}.Release|Any CPU.Build.0 = Release|Any CPU
		{CABAF47B-DACD-438F-8BAC-0757D33E927E}.Debug|Any CPU.ActiveCfg = Debug|Any CPU
		{CABAF47B-DACD-438F-8BAC-0757D33E927E}.Debug|Any CPU.Build.0 = Debug|Any CPU
		{CABAF47B-DACD-438F-8BAC-0757D33E927E}.Release|Any CPU.ActiveCfg = Release|Any CPU
		{CABAF47B-DACD-438F-8BAC-0757D33E927E}.Release|Any CPU.Build.0 = Release|Any CPU
		{60836A5D-759F-409D-A1F7-E2244718786B}.Debug|Any CPU.ActiveCfg = Debug|Any CPU
		{60836A5D-759F-409D-A1F7-E2244718786B}.Debug|Any CPU.Build.0 = Debug|Any CPU
		{60836A5D-759F-409D-A1F7-E2244718786B}.Release|Any CPU.ActiveCfg = Release|Any CPU
		{60836A5D-759F-409D-A1F7-E2244718786B}.Release|Any CPU.Build.0 = Release|Any CPU
		{13500C39-021B-4079-842A-D595AE9065EC}.Debug|Any CPU.ActiveCfg = Debug|Any CPU
		{13500C39-021B-4079-842A-D595AE9065EC}.Debug|Any CPU.Build.0 = Debug|Any CPU
		{13500C39-021B-4079-842A-D595AE9065EC}.Release|Any CPU.ActiveCfg = Release|Any CPU
		{13500C39-021B-4079-842A-D595AE9065EC}.Release|Any CPU.Build.0 = Release|Any CPU
		{9379A2E0-E96E-45C2-85BE-C81BDC6D19B7}.Debug|Any CPU.ActiveCfg = Debug|Any CPU
		{9379A2E0-E96E-45C2-85BE-C81BDC6D19B7}.Debug|Any CPU.Build.0 = Debug|Any CPU
		{9379A2E0-E96E-45C2-85BE-C81BDC6D19B7}.Release|Any CPU.ActiveCfg = Release|Any CPU
		{9379A2E0-E96E-45C2-85BE-C81BDC6D19B7}.Release|Any CPU.Build.0 = Release|Any CPU
		{18BE9BD8-6BEF-4712-988E-39A41D56EE45}.Debug|Any CPU.ActiveCfg = Debug|Any CPU
		{18BE9BD8-6BEF-4712-988E-39A41D56EE45}.Debug|Any CPU.Build.0 = Debug|Any CPU
		{18BE9BD8-6BEF-4712-988E-39A41D56EE45}.Release|Any CPU.ActiveCfg = Release|Any CPU
		{18BE9BD8-6BEF-4712-988E-39A41D56EE45}.Release|Any CPU.Build.0 = Release|Any CPU
		{5123C87A-835E-4528-BA66-CF6F556010F0}.Debug|Any CPU.ActiveCfg = Debug|Any CPU
		{5123C87A-835E-4528-BA66-CF6F556010F0}.Debug|Any CPU.Build.0 = Debug|Any CPU
		{5123C87A-835E-4528-BA66-CF6F556010F0}.Release|Any CPU.ActiveCfg = Release|Any CPU
		{5123C87A-835E-4528-BA66-CF6F556010F0}.Release|Any CPU.Build.0 = Release|Any CPU
		{41A9EC9E-9FC5-4065-B285-27BD6EE658E5}.Debug|Any CPU.ActiveCfg = Debug|Any CPU
		{41A9EC9E-9FC5-4065-B285-27BD6EE658E5}.Debug|Any CPU.Build.0 = Debug|Any CPU
		{41A9EC9E-9FC5-4065-B285-27BD6EE658E5}.Release|Any CPU.ActiveCfg = Release|Any CPU
		{41A9EC9E-9FC5-4065-B285-27BD6EE658E5}.Release|Any CPU.Build.0 = Release|Any CPU
		{5AE39533-33EA-4015-BBFA-674F1296917B}.Debug|Any CPU.ActiveCfg = Debug|Any CPU
		{5AE39533-33EA-4015-BBFA-674F1296917B}.Debug|Any CPU.Build.0 = Debug|Any CPU
		{5AE39533-33EA-4015-BBFA-674F1296917B}.Release|Any CPU.ActiveCfg = Release|Any CPU
		{5AE39533-33EA-4015-BBFA-674F1296917B}.Release|Any CPU.Build.0 = Release|Any CPU
	EndGlobalSection
	GlobalSection(NestedProjects) = preSolution
		{944B32B3-FAB7-47CF-A20A-D5C499CB16C0} = {96B630DD-B10A-48FE-ABF8-6BA07821FEA7}
		{96B630DD-B10A-48FE-ABF8-6BA07821FEA7} = {7BF63DBC-D2DA-49BF-9050-EDF37D895576}
		{CEFB73FE-D750-4D51-9C17-39102AA1E774} = {36EEA7E8-546B-4DD2-9FF9-BB15E6F29BC3}
		{8104DFA9-9F8B-4027-8B96-AC357D3F4EAE} = {CEFB73FE-D750-4D51-9C17-39102AA1E774}
		{1C1CFBCC-D5E9-4FC2-8002-16B34311F709} = {C8E64080-7108-4FE4-AB78-61D6DC3B20D0}
		{EBC1D54F-2362-4C53-AE87-F6D638918877} = {36EEA7E8-546B-4DD2-9FF9-BB15E6F29BC3}
		{99D5118D-989B-4B7E-8F2E-BEE8B64DA50D} = {EBC1D54F-2362-4C53-AE87-F6D638918877}
		{3D57D0A1-A260-422E-B8C6-22E077DA3464} = {36EEA7E8-546B-4DD2-9FF9-BB15E6F29BC3}
		{673EA8A6-3548-4F30-876A-511A43EC4926} = {3D57D0A1-A260-422E-B8C6-22E077DA3464}
		{CB7D3228-9C2C-490B-913E-E3AA0EFA7973} = {3D57D0A1-A260-422E-B8C6-22E077DA3464}
		{C8927279-877F-4B29-9959-7E5BCD9E3B31} = {3D57D0A1-A260-422E-B8C6-22E077DA3464}
		{8F397C7C-3DD0-4DE2-A309-E15462FAD63F} = {1C1CFBCC-D5E9-4FC2-8002-16B34311F709}
		{CB20858B-3E27-4052-BBEB-C141E79EACE1} = {8F397C7C-3DD0-4DE2-A309-E15462FAD63F}
		{6C34BE3C-32F5-4D06-A71C-33B26A4BACD3} = {8F397C7C-3DD0-4DE2-A309-E15462FAD63F}
		{22BBF4ED-AA53-4AA0-BD00-3826DCD2BA06} = {8F397C7C-3DD0-4DE2-A309-E15462FAD63F}
		{5920B8CB-3396-46C5-BC58-60797943E284} = {1C1CFBCC-D5E9-4FC2-8002-16B34311F709}
		{161A1C66-D136-4C56-B565-04F3E6A05D21} = {5920B8CB-3396-46C5-BC58-60797943E284}
		{1DED49C9-DF49-4F4A-AF7D-2AE461420571} = {5920B8CB-3396-46C5-BC58-60797943E284}
		{CABAF47B-DACD-438F-8BAC-0757D33E927E} = {5920B8CB-3396-46C5-BC58-60797943E284}
		{60836A5D-759F-409D-A1F7-E2244718786B} = {5920B8CB-3396-46C5-BC58-60797943E284}
		{06229C55-40BA-469F-ABDE-429152DE3B67} = {1C1CFBCC-D5E9-4FC2-8002-16B34311F709}
		{13500C39-021B-4079-842A-D595AE9065EC} = {06229C55-40BA-469F-ABDE-429152DE3B67}
		{9379A2E0-E96E-45C2-85BE-C81BDC6D19B7} = {06229C55-40BA-469F-ABDE-429152DE3B67}
		{18BE9BD8-6BEF-4712-988E-39A41D56EE45} = {06229C55-40BA-469F-ABDE-429152DE3B67}
		{5123C87A-835E-4528-BA66-CF6F556010F0} = {06229C55-40BA-469F-ABDE-429152DE3B67}
		{41A9EC9E-9FC5-4065-B285-27BD6EE658E5} = {06229C55-40BA-469F-ABDE-429152DE3B67}
		{FF9511CB-598A-445D-8A8D-2522D7B7F054} = {1C1CFBCC-D5E9-4FC2-8002-16B34311F709}
		{5AE39533-33EA-4015-BBFA-674F1296917B} = {FF9511CB-598A-445D-8A8D-2522D7B7F054}
	EndGlobalSection
EndGlobal
